
Microsoft Visual Studio Solution File, Format Version 12.00
# Visual Studio Version 17
VisualStudioVersion = 17.13.35919.96
MinimumVisualStudioVersion = 10.0.40219.1
Project("{8BC9CEB8-8B4A-11D0-8D11-00A0C91BC942}") = "4-1", "4장\4장.vcxproj", "{368B090C-943A-403D-8765-6F71377F5608}"
EndProject
Project("{8BC9CEB8-8B4A-11D0-8D11-00A0C91BC942}") = "기본 틀", "기본 틀\기본 틀.vcxproj", "{FF18665F-537F-48CD-98FF-22FD2EC8CE8B}"
EndProject
Project("{8BC9CEB8-8B4A-11D0-8D11-00A0C91BC942}") = "4-2", "4-2\4-2.vcxproj", "{ED1A6512-39BA-470C-BF9F-C08C23D83305}"
EndProject
Project("{8BC9CEB8-8B4A-11D0-8D11-00A0C91BC942}") = "4-3", "4-3\4-3.vcxproj", "{6ABCDE26-F964-4CB4-B202-B7BF57ADEFE1}"
EndProject
Project("{8BC9CEB8-8B4A-11D0-8D11-00A0C91BC942}") = "4-4", "4-4\4-4.vcxproj", "{75A5E212-5372-4B6A-B2F8-A70CD85CF90A}"
EndProject
Global
	GlobalSection(SolutionConfigurationPlatforms) = preSolution
		Debug|x64 = Debug|x64
		Debug|x86 = Debug|x86
		Release|x64 = Release|x64
		Release|x86 = Release|x86
	EndGlobalSection
	GlobalSection(ProjectConfigurationPlatforms) = postSolution
		{368B090C-943A-403D-8765-6F71377F5608}.Debug|x64.ActiveCfg = Debug|x64
		{368B090C-943A-403D-8765-6F71377F5608}.Debug|x64.Build.0 = Debug|x64
		{368B090C-943A-403D-8765-6F71377F5608}.Debug|x86.ActiveCfg = Debug|Win32
		{368B090C-943A-403D-8765-6F71377F5608}.Debug|x86.Build.0 = Debug|Win32
		{368B090C-943A-403D-8765-6F71377F5608}.Release|x64.ActiveCfg = Release|x64
		{368B090C-943A-403D-8765-6F71377F5608}.Release|x64.Build.0 = Release|x64
		{368B090C-943A-403D-8765-6F71377F5608}.Release|x86.ActiveCfg = Release|Win32
		{368B090C-943A-403D-8765-6F71377F5608}.Release|x86.Build.0 = Release|Win32
		{FF18665F-537F-48CD-98FF-22FD2EC8CE8B}.Debug|x64.ActiveCfg = Debug|x64
		{FF18665F-537F-48CD-98FF-22FD2EC8CE8B}.Debug|x64.Build.0 = Debug|x64
		{FF18665F-537F-48CD-98FF-22FD2EC8CE8B}.Debug|x86.ActiveCfg = Debug|Win32
		{FF18665F-537F-48CD-98FF-22FD2EC8CE8B}.Debug|x86.Build.0 = Debug|Win32
		{FF18665F-537F-48CD-98FF-22FD2EC8CE8B}.Release|x64.ActiveCfg = Release|x64
		{FF18665F-537F-48CD-98FF-22FD2EC8CE8B}.Release|x64.Build.0 = Release|x64
		{FF18665F-537F-48CD-98FF-22FD2EC8CE8B}.Release|x86.ActiveCfg = Release|Win32
		{FF18665F-537F-48CD-98FF-22FD2EC8CE8B}.Release|x86.Build.0 = Release|Win32
		{ED1A6512-39BA-470C-BF9F-C08C23D83305}.Debug|x64.ActiveCfg = Debug|x64
		{ED1A6512-39BA-470C-BF9F-C08C23D83305}.Debug|x64.Build.0 = Debug|x64
		{ED1A6512-39BA-470C-BF9F-C08C23D83305}.Debug|x86.ActiveCfg = Debug|Win32
		{ED1A6512-39BA-470C-BF9F-C08C23D83305}.Debug|x86.Build.0 = Debug|Win32
		{ED1A6512-39BA-470C-BF9F-C08C23D83305}.Release|x64.ActiveCfg = Release|x64
		{ED1A6512-39BA-470C-BF9F-C08C23D83305}.Release|x64.Build.0 = Release|x64
		{ED1A6512-39BA-470C-BF9F-C08C23D83305}.Release|x86.ActiveCfg = Release|Win32
		{ED1A6512-39BA-470C-BF9F-C08C23D83305}.Release|x86.Build.0 = Release|Win32
		{6ABCDE26-F964-4CB4-B202-B7BF57ADEFE1}.Debug|x64.ActiveCfg = Debug|x64
		{6ABCDE26-F964-4CB4-B202-B7BF57ADEFE1}.Debug|x64.Build.0 = Debug|x64
		{6ABCDE26-F964-4CB4-B202-B7BF57ADEFE1}.Debug|x86.ActiveCfg = Debug|Win32
		{6ABCDE26-F964-4CB4-B202-B7BF57ADEFE1}.Debug|x86.Build.0 = Debug|Win32
		{6ABCDE26-F964-4CB4-B202-B7BF57ADEFE1}.Release|x64.ActiveCfg = Release|x64
		{6ABCDE26-F964-4CB4-B202-B7BF57ADEFE1}.Release|x64.Build.0 = Release|x64
		{6ABCDE26-F964-4CB4-B202-B7BF57ADEFE1}.Release|x86.ActiveCfg = Release|Win32
		{6ABCDE26-F964-4CB4-B202-B7BF57ADEFE1}.Release|x86.Build.0 = Release|Win32
		{75A5E212-5372-4B6A-B2F8-A70CD85CF90A}.Debug|x64.ActiveCfg = Debug|x64
		{75A5E212-5372-4B6A-B2F8-A70CD85CF90A}.Debug|x64.Build.0 = Debug|x64
		{75A5E212-5372-4B6A-B2F8-A70CD85CF90A}.Debug|x86.ActiveCfg = Debug|Win32
		{75A5E212-5372-4B6A-B2F8-A70CD85CF90A}.Debug|x86.Build.0 = Debug|Win32
		{75A5E212-5372-4B6A-B2F8-A70CD85CF90A}.Release|x64.ActiveCfg = Release|x64
		{75A5E212-5372-4B6A-B2F8-A70CD85CF90A}.Release|x64.Build.0 = Release|x64
		{75A5E212-5372-4B6A-B2F8-A70CD85CF90A}.Release|x86.ActiveCfg = Release|Win32
		{75A5E212-5372-4B6A-B2F8-A70CD85CF90A}.Release|x86.Build.0 = Release|Win32
	EndGlobalSection
	GlobalSection(SolutionProperties) = preSolution
		HideSolutionNode = FALSE
	EndGlobalSection
	GlobalSection(ExtensibilityGlobals) = postSolution
		SolutionGuid = {43DF38D7-D62D-4BE9-A6A5-3F2A15755843}
	EndGlobalSection
EndGlobal
