
Microsoft Visual Studio Solution File, Format Version 12.00
# Visual Studio Version 17
VisualStudioVersion = 17.14.36717.8
MinimumVisualStudioVersion = 10.0.40219.1
Project("{8BC9CEB8-8B4A-11D0-8D11-00A0C91BC942}") = "5-1", "윈플 5장 - Bitmap 애니메이션\윈플 5장 - Bitmap 애니메이션.vcxproj", "{0E47E1CE-179F-4144-8B81-52F6BFF0C342}"
EndProject
Project("{8BC9CEB8-8B4A-11D0-8D11-00A0C91BC942}") = "5-2", "5-2\5-2.vcxproj", "{4D4AEA45-845D-4051-A0AA-08FEA0100286}"
EndProject
Project("{8BC9CEB8-8B4A-11D0-8D11-00A0C91BC942}") = "5-3", "5-3\5-3.vcxproj", "{2D09A5D6-F111-4E69-A593-3FB611D27D2F}"
EndProject
Project("{8BC9CEB8-8B4A-11D0-8D11-00A0C91BC942}") = "기본 틀", "기본 틀\기본 틀.vcxproj", "{49A1CFAA-8EDC-4C77-9C0F-D90BE75EB204}"
EndProject
Project("{8BC9CEB8-8B4A-11D0-8D11-00A0C91BC942}") = "5-4", "5-4\5-4.vcxproj", "{1C5D274E-08FE-4A11-B5B3-AA51059B7EF4}"
EndProject
Project("{8BC9CEB8-8B4A-11D0-8D11-00A0C91BC942}") = "5-6", "5-6\5-6.vcxproj", "{0A2D1D0A-CF92-4DE4-887E-862E67189C5F}"
EndProject
Project("{8BC9CEB8-8B4A-11D0-8D11-00A0C91BC942}") = "실습 5-5", "실습 5-5\실습 5-5.vcxproj", "{6CB78CE0-9913-4917-9530-C81F40770759}"
EndProject
Project("{8BC9CEB8-8B4A-11D0-8D11-00A0C91BC942}") = "5-8", "5-8\5-8.vcxproj", "{DCF41546-68DF-4E8A-8869-28D81A5C4C47}"
EndProject
Project("{8BC9CEB8-8B4A-11D0-8D11-00A0C91BC942}") = "5-7", "5-7\5-7.vcxproj", "{74D6BABE-D9E8-41E0-8AFB-4CF9BD099892}"
EndProject
Global
	GlobalSection(SolutionConfigurationPlatforms) = preSolution
		Debug|x64 = Debug|x64
		Debug|x86 = Debug|x86
		Release|x64 = Release|x64
		Release|x86 = Release|x86
	EndGlobalSection
	GlobalSection(ProjectConfigurationPlatforms) = postSolution
		{0E47E1CE-179F-4144-8B81-52F6BFF0C342}.Debug|x64.ActiveCfg = Debug|x64
		{0E47E1CE-179F-4144-8B81-52F6BFF0C342}.Debug|x64.Build.0 = Debug|x64
		{0E47E1CE-179F-4144-8B81-52F6BFF0C342}.Debug|x86.ActiveCfg = Debug|Win32
		{0E47E1CE-179F-4144-8B81-52F6BFF0C342}.Debug|x86.Build.0 = Debug|Win32
		{0E47E1CE-179F-4144-8B81-52F6BFF0C342}.Release|x64.ActiveCfg = Release|x64
		{0E47E1CE-179F-4144-8B81-52F6BFF0C342}.Release|x64.Build.0 = Release|x64
		{0E47E1CE-179F-4144-8B81-52F6BFF0C342}.Release|x86.ActiveCfg = Release|Win32
		{0E47E1CE-179F-4144-8B81-52F6BFF0C342}.Release|x86.Build.0 = Release|Win32
		{4D4AEA45-845D-4051-A0AA-08FEA0100286}.Debug|x64.ActiveCfg = Debug|x64
		{4D4AEA45-845D-4051-A0AA-08FEA0100286}.Debug|x64.Build.0 = Debug|x64
		{4D4AEA45-845D-4051-A0AA-08FEA0100286}.Debug|x86.ActiveCfg = Debug|Win32
		{4D4AEA45-845D-4051-A0AA-08FEA0100286}.Debug|x86.Build.0 = Debug|Win32
		{4D4AEA45-845D-4051-A0AA-08FEA0100286}.Release|x64.ActiveCfg = Release|x64
		{4D4AEA45-845D-4051-A0AA-08FEA0100286}.Release|x64.Build.0 = Release|x64
		{4D4AEA45-845D-4051-A0AA-08FEA0100286}.Release|x86.ActiveCfg = Release|Win32
		{4D4AEA45-845D-4051-A0AA-08FEA0100286}.Release|x86.Build.0 = Release|Win32
		{2D09A5D6-F111-4E69-A593-3FB611D27D2F}.Debug|x64.ActiveCfg = Debug|x64
		{2D09A5D6-F111-4E69-A593-3FB611D27D2F}.Debug|x64.Build.0 = Debug|x64
		{2D09A5D6-F111-4E69-A593-3FB611D27D2F}.Debug|x86.ActiveCfg = Debug|Win32
		{2D09A5D6-F111-4E69-A593-3FB611D27D2F}.Debug|x86.Build.0 = Debug|Win32
		{2D09A5D6-F111-4E69-A593-3FB611D27D2F}.Release|x64.ActiveCfg = Release|x64
		{2D09A5D6-F111-4E69-A593-3FB611D27D2F}.Release|x64.Build.0 = Release|x64
		{2D09A5D6-F111-4E69-A593-3FB611D27D2F}.Release|x86.ActiveCfg = Release|Win32
		{2D09A5D6-F111-4E69-A593-3FB611D27D2F}.Release|x86.Build.0 = Release|Win32
		{49A1CFAA-8EDC-4C77-9C0F-D90BE75EB204}.Debug|x64.ActiveCfg = Debug|x64
		{49A1CFAA-8EDC-4C77-9C0F-D90BE75EB204}.Debug|x64.Build.0 = Debug|x64
		{49A1CFAA-8EDC-4C77-9C0F-D90BE75EB204}.Debug|x86.ActiveCfg = Debug|Win32
		{49A1CFAA-8EDC-4C77-9C0F-D90BE75EB204}.Debug|x86.Build.0 = Debug|Win32
		{49A1CFAA-8EDC-4C77-9C0F-D90BE75EB204}.Release|x64.ActiveCfg = Release|x64
		{49A1CFAA-8EDC-4C77-9C0F-D90BE75EB204}.Release|x64.Build.0 = Release|x64
		{49A1CFAA-8EDC-4C77-9C0F-D90BE75EB204}.Release|x86.ActiveCfg = Release|Win32
		{49A1CFAA-8EDC-4C77-9C0F-D90BE75EB204}.Release|x86.Build.0 = Release|Win32
		{1C5D274E-08FE-4A11-B5B3-AA51059B7EF4}.Debug|x64.ActiveCfg = Debug|x64
		{1C5D274E-08FE-4A11-B5B3-AA51059B7EF4}.Debug|x64.Build.0 = Debug|x64
		{1C5D274E-08FE-4A11-B5B3-AA51059B7EF4}.Debug|x86.ActiveCfg = Debug|Win32
		{1C5D274E-08FE-4A11-B5B3-AA51059B7EF4}.Debug|x86.Build.0 = Debug|Win32
		{1C5D274E-08FE-4A11-B5B3-AA51059B7EF4}.Release|x64.ActiveCfg = Release|x64
		{1C5D274E-08FE-4A11-B5B3-AA51059B7EF4}.Release|x64.Build.0 = Release|x64
		{1C5D274E-08FE-4A11-B5B3-AA51059B7EF4}.Release|x86.ActiveCfg = Release|Win32
		{1C5D274E-08FE-4A11-B5B3-AA51059B7EF4}.Release|x86.Build.0 = Release|Win32
		{0A2D1D0A-CF92-4DE4-887E-862E67189C5F}.Debug|x64.ActiveCfg = Debug|x64
		{0A2D1D0A-CF92-4DE4-887E-862E67189C5F}.Debug|x64.Build.0 = Debug|x64
		{0A2D1D0A-CF92-4DE4-887E-862E67189C5F}.Debug|x86.ActiveCfg = Debug|Win32
		{0A2D1D0A-CF92-4DE4-887E-862E67189C5F}.Debug|x86.Build.0 = Debug|Win32
		{0A2D1D0A-CF92-4DE4-887E-862E67189C5F}.Release|x64.ActiveCfg = Release|x64
		{0A2D1D0A-CF92-4DE4-887E-862E67189C5F}.Release|x64.Build.0 = Release|x64
		{0A2D1D0A-CF92-4DE4-887E-862E67189C5F}.Release|x86.ActiveCfg = Release|Win32
		{0A2D1D0A-CF92-4DE4-887E-862E67189C5F}.Release|x86.Build.0 = Release|Win32
		{6CB78CE0-9913-4917-9530-C81F40770759}.Debug|x64.ActiveCfg = Debug|x64
		{6CB78CE0-9913-4917-9530-C81F40770759}.Debug|x64.Build.0 = Debug|x64
		{6CB78CE0-9913-4917-9530-C81F40770759}.Debug|x86.ActiveCfg = Debug|Win32
		{6CB78CE0-9913-4917-9530-C81F40770759}.Debug|x86.Build.0 = Debug|Win32
		{6CB78CE0-9913-4917-9530-C81F40770759}.Release|x64.ActiveCfg = Release|x64
		{6CB78CE0-9913-4917-9530-C81F40770759}.Release|x64.Build.0 = Release|x64
		{6CB78CE0-9913-4917-9530-C81F40770759}.Release|x86.ActiveCfg = Release|Win32
		{6CB78CE0-9913-4917-9530-C81F40770759}.Release|x86.Build.0 = Release|Win32
		{DCF41546-68DF-4E8A-8869-28D81A5C4C47}.Debug|x64.ActiveCfg = Debug|x64
		{DCF41546-68DF-4E8A-8869-28D81A5C4C47}.Debug|x64.Build.0 = Debug|x64
		{DCF41546-68DF-4E8A-8869-28D81A5C4C47}.Debug|x86.ActiveCfg = Debug|Win32
		{DCF41546-68DF-4E8A-8869-28D81A5C4C47}.Debug|x86.Build.0 = Debug|Win32
		{DCF41546-68DF-4E8A-8869-28D81A5C4C47}.Release|x64.ActiveCfg = Release|x64
		{DCF41546-68DF-4E8A-8869-28D81A5C4C47}.Release|x64.Build.0 = Release|x64
		{DCF41546-68DF-4E8A-8869-28D81A5C4C47}.Release|x86.ActiveCfg = Release|Win32
		{DCF41546-68DF-4E8A-8869-28D81A5C4C47}.Release|x86.Build.0 = Release|Win32
		{74D6BABE-D9E8-41E0-8AFB-4CF9BD099892}.Debug|x64.ActiveCfg = Debug|x64
		{74D6BABE-D9E8-41E0-8AFB-4CF9BD099892}.Debug|x64.Build.0 = Debug|x64
		{74D6BABE-D9E8-41E0-8AFB-4CF9BD099892}.Debug|x86.ActiveCfg = Debug|Win32
		{74D6BABE-D9E8-41E0-8AFB-4CF9BD099892}.Debug|x86.Build.0 = Debug|Win32
		{74D6BABE-D9E8-41E0-8AFB-4CF9BD099892}.Release|x64.ActiveCfg = Release|x64
		{74D6BABE-D9E8-41E0-8AFB-4CF9BD099892}.Release|x64.Build.0 = Release|x64
		{74D6BABE-D9E8-41E0-8AFB-4CF9BD099892}.Release|x86.ActiveCfg = Release|Win32
		{74D6BABE-D9E8-41E0-8AFB-4CF9BD099892}.Release|x86.Build.0 = Release|Win32
	EndGlobalSection
	GlobalSection(SolutionProperties) = preSolution
		HideSolutionNode = FALSE
	EndGlobalSection
	GlobalSection(ExtensibilityGlobals) = postSolution
		SolutionGuid = {8EE304C4-F1A2-45AD-B3E1-33CA445E3D2E}
	EndGlobalSection
EndGlobal
